// !$*UTF8*$!
{
	archiveVersion = 1;
	classes = {
	};
	objectVersion = 46;
	objects = {

/* Begin PBXBuildFile section */
		023657741F2A0B61002F0B11 /* AppDelegate.swift in Sources */ = {isa = PBXBuildFile; fileRef = 023657731F2A0B61002F0B11 /* AppDelegate.swift */; };
		023657761F2A0B61002F0B11 /* ViewController.swift in Sources */ = {isa = PBXBuildFile; fileRef = 023657751F2A0B61002F0B11 /* ViewController.swift */; };
		023657791F2A0B61002F0B11 /* Main.storyboard in Resources */ = {isa = PBXBuildFile; fileRef = 023657771F2A0B61002F0B11 /* Main.storyboard */; };
		0236577B1F2A0B61002F0B11 /* Assets.xcassets in Resources */ = {isa = PBXBuildFile; fileRef = 0236577A1F2A0B61002F0B11 /* Assets.xcassets */; };
		0236577E1F2A0B61002F0B11 /* LaunchScreen.storyboard in Resources */ = {isa = PBXBuildFile; fileRef = 0236577C1F2A0B61002F0B11 /* LaunchScreen.storyboard */; };
		023657861F2A0C73002F0B11 /* GoogleService-Info.plist in Resources */ = {isa = PBXBuildFile; fileRef = 023657851F2A0C73002F0B11 /* GoogleService-Info.plist */; };
		6BF9A9F22D97B6AAB5E4991F /* Pods_howladmob.framework in Frameworks */ = {isa = PBXBuildFile; fileRef = 6C8D358051D02CCCAB987CA6 /* Pods_howladmob.framework */; };
/* End PBXBuildFile section */

/* Begin PBXFileReference section */
		023657701F2A0B61002F0B11 /* howladmob.app */ = {isa = PBXFileReference; explicitFileType = wrapper.application; includeInIndex = 0; path = howladmob.app; sourceTree = BUILT_PRODUCTS_DIR; };
		023657731F2A0B61002F0B11 /* AppDelegate.swift */ = {isa = PBXFileReference; lastKnownFileType = sourcecode.swift; path = AppDelegate.swift; sourceTree = "<group>"; };
		023657751F2A0B61002F0B11 /* ViewController.swift */ = {isa = PBXFileReference; lastKnownFileType = sourcecode.swift; path = ViewController.swift; sourceTree = "<group>"; };
		023657781F2A0B61002F0B11 /* Base */ = {isa = PBXFileReference; lastKnownFileType = file.storyboard; name = Base; path = Base.lproj/Main.storyboard; sourceTree = "<group>"; };
		0236577A1F2A0B61002F0B11 /* Assets.xcassets */ = {isa = PBXFileReference; lastKnownFileType = folder.assetcatalog; path = Assets.xcassets; sourceTree = "<group>"; };
		0236577D1F2A0B61002F0B11 /* Base */ = {isa = PBXFileReference; lastKnownFileType = file.storyboard; name = Base; path = Base.lproj/LaunchScreen.storyboard; sourceTree = "<group>"; };
		0236577F1F2A0B61002F0B11 /* Info.plist */ = {isa = PBXFileReference; lastKnownFileType = text.plist.xml; path = Info.plist; sourceTree = "<group>"; };
		023657851F2A0C73002F0B11 /* GoogleService-Info.plist */ = {isa = PBXFileReference; fileEncoding = 4; lastKnownFileType = text.plist.xml; path = "GoogleService-Info.plist"; sourceTree = "<group>"; };
		56AD3F58056C04E55856DFAA /* Pods-howladmob.debug.xcconfig */ = {isa = PBXFileReference; includeInIndex = 1; lastKnownFileType = text.xcconfig; name = "Pods-howladmob.debug.xcconfig"; path = "Pods/Target Support Files/Pods-howladmob/Pods-howladmob.debug.xcconfig"; sourceTree = "<group>"; };
		6C8D358051D02CCCAB987CA6 /* Pods_howladmob.framework */ = {isa = PBXFileReference; explicitFileType = wrapper.framework; includeInIndex = 0; path = Pods_howladmob.framework; sourceTree = BUILT_PRODUCTS_DIR; };
		BD32F121488FD5C2BD462E88 /* Pods-howladmob.release.xcconfig */ = {isa = PBXFileReference; includeInIndex = 1; lastKnownFileType = text.xcconfig; name = "Pods-howladmob.release.xcconfig"; path = "Pods/Target Support Files/Pods-howladmob/Pods-howladmob.release.xcconfig"; sourceTree = "<group>"; };
/* End PBXFileReference section */

/* Begin PBXFrameworksBuildPhase section */
		0236576D1F2A0B61002F0B11 /* Frameworks */ = {
			isa = PBXFrameworksBuildPhase;
			buildActionMask = 2147483647;
			files = (
				6BF9A9F22D97B6AAB5E4991F /* Pods_howladmob.framework in Frameworks */,
			);
			runOnlyForDeploymentPostprocessing = 0;
		};
/* End PBXFrameworksBuildPhase section */

/* Begin PBXGroup section */
		023657671F2A0B61002F0B11 = {
			isa = PBXGroup;
			children = (
				023657721F2A0B61002F0B11 /* howladmob */,
				023657711F2A0B61002F0B11 /* Products */,
				2A58606353CAD66DB38D0E18 /* Pods */,
				DEA5D1DF5B2E51FAF77E1FB6 /* Frameworks */,
			);
			sourceTree = "<group>";
		};
		023657711F2A0B61002F0B11 /* Products */ = {
			isa = PBXGroup;
			children = (
				023657701F2A0B61002F0B11 /* howladmob.app */,
			);
			name = Products;
			sourceTree = "<group>";
		};
		023657721F2A0B61002F0B11 /* howladmob */ = {
			isa = PBXGroup;
			children = (
				023657731F2A0B61002F0B11 /* AppDelegate.swift */,
				023657751F2A0B61002F0B11 /* ViewController.swift */,
				023657771F2A0B61002F0B11 /* Main.storyboard */,
				0236577A1F2A0B61002F0B11 /* Assets.xcassets */,
				0236577C1F2A0B61002F0B11 /* LaunchScreen.storyboard */,
				0236577F1F2A0B61002F0B11 /* Info.plist */,
				023657851F2A0C73002F0B11 /* GoogleService-Info.plist */,
			);
			path = howladmob;
			sourceTree = "<group>";
		};
		2A58606353CAD66DB38D0E18 /* Pods */ = {
			isa = PBXGroup;
			children = (
				56AD3F58056C04E55856DFAA /* Pods-howladmob.debug.xcconfig */,
				BD32F121488FD5C2BD462E88 /* Pods-howladmob.release.xcconfig */,
			);
			name = Pods;
			sourceTree = "<group>";
		};
		DEA5D1DF5B2E51FAF77E1FB6 /* Frameworks */ = {
			isa = PBXGroup;
			children = (
				6C8D358051D02CCCAB987CA6 /* Pods_howladmob.framework */,
			);
			name = Frameworks;
			sourceTree = "<group>";
		};
/* End PBXGroup section */

/* Begin PBXNativeTarget section */
		0236576F1F2A0B61002F0B11 /* howladmob */ = {
			isa = PBXNativeTarget;
			buildConfigurationList = 023657821F2A0B61002F0B11 /* Build configuration list for PBXNativeTarget "howladmob" */;
			buildPhases = (
				BA11F9869818D1F296A598B1 /* [CP] Check Pods Manifest.lock */,
				0236576C1F2A0B61002F0B11 /* Sources */,
				0236576D1F2A0B61002F0B11 /* Frameworks */,
				0236576E1F2A0B61002F0B11 /* Resources */,
				049CB6415D12ED0DB2D490F3 /* [CP] Embed Pods Frameworks */,
				523BCF43217FE26FC801F4CE /* [CP] Copy Pods Resources */,
			);
			buildRules = (
			);
			dependencies = (
			);
			name = howladmob;
			productName = howladmob;
			productReference = 023657701F2A0B61002F0B11 /* howladmob.app */;
			productType = "com.apple.product-type.application";
		};
/* End PBXNativeTarget section */

/* Begin PBXProject section */
		023657681F2A0B61002F0B11 /* Project object */ = {
			isa = PBXProject;
			attributes = {
				LastSwiftUpdateCheck = 0830;
				LastUpgradeCheck = 0830;
				ORGANIZATIONNAME = swift;
				TargetAttributes = {
					0236576F1F2A0B61002F0B11 = {
						CreatedOnToolsVersion = 8.3.3;
						ProvisioningStyle = Automatic;
					};
				};
			};
			buildConfigurationList = 0236576B1F2A0B61002F0B11 /* Build configuration list for PBXProject "howladmob" */;
			compatibilityVersion = "Xcode 3.2";
			developmentRegion = English;
			hasScannedForEncodings = 0;
			knownRegions = (
				en,
				Base,
			);
			mainGroup = 023657671F2A0B61002F0B11;
			productRefGroup = 023657711F2A0B61002F0B11 /* Products */;
			projectDirPath = "";
			projectRoot = "";
			targets = (
				0236576F1F2A0B61002F0B11 /* howladmob */,
			);
		};
/* End PBXProject section */

/* Begin PBXResourcesBuildPhase section */
		0236576E1F2A0B61002F0B11 /* Resources */ = {
			isa = PBXResourcesBuildPhase;
			buildActionMask = 2147483647;
			files = (
				0236577E1F2A0B61002F0B11 /* LaunchScreen.storyboard in Resources */,
				023657861F2A0C73002F0B11 /* GoogleService-Info.plist in Resources */,
				0236577B1F2A0B61002F0B11 /* Assets.xcassets in Resources */,
				023657791F2A0B61002F0B11 /* Main.storyboard in Resources */,
			);
			runOnlyForDeploymentPostprocessing = 0;
		};
/* End PBXResourcesBuildPhase section */

/* Begin PBXShellScriptBuildPhase section */
		049CB6415D12ED0DB2D490F3 /* [CP] Embed Pods Frameworks */ = {
			isa = PBXShellScriptBuildPhase;
			buildActionMask = 2147483647;
			files = (
			);
			inputPaths = (
			);
			name = "[CP] Embed Pods Frameworks";
			outputPaths = (
			);
			runOnlyForDeploymentPostprocessing = 0;
			shellPath = /bin/sh;
			shellScript = "\"${SRCROOT}/Pods/Target Support Files/Pods-howladmob/Pods-howladmob-frameworks.sh\"\n";
			showEnvVarsInLog = 0;
		};
		523BCF43217FE26FC801F4CE /* [CP] Copy Pods Resources */ = {
			isa = PBXShellScriptBuildPhase;
			buildActionMask = 2147483647;
			files = (
			);
			inputPaths = (
			);
			name = "[CP] Copy Pods Resources";
			outputPaths = (
			);
			runOnlyForDeploymentPostprocessing = 0;
			shellPath = /bin/sh;
			shellScript = "\"${SRCROOT}/Pods/Target Support Files/Pods-howladmob/Pods-howladmob-resources.sh\"\n";
			showEnvVarsInLog = 0;
		};
		BA11F9869818D1F296A598B1 /* [CP] Check Pods Manifest.lock */ = {
			isa = PBXShellScriptBuildPhase;
			buildActionMask = 2147483647;
			files = (
			);
			inputPaths = (
			);
			name = "[CP] Check Pods Manifest.lock";
			outputPaths = (
			);
			runOnlyForDeploymentPostprocessing = 0;
			shellPath = /bin/sh;
			shellScript = "diff \"${PODS_ROOT}/../Podfile.lock\" \"${PODS_ROOT}/Manifest.lock\" > /dev/null\nif [ $? != 0 ] ; then\n    # print error to STDERR\n    echo \"error: The sandbox is not in sync with the Podfile.lock. Run 'pod install' or update your CocoaPods installation.\" >&2\n    exit 1\nfi\n";
			showEnvVarsInLog = 0;
		};
/* End PBXShellScriptBuildPhase section */

/* Begin PBXSourcesBuildPhase section */
		0236576C1F2A0B61002F0B11 /* Sources */ = {
			isa = PBXSourcesBuildPhase;
			buildActionMask = 2147483647;
			files = (
				023657761F2A0B61002F0B11 /* ViewController.swift in Sources */,
				023657741F2A0B61002F0B11 /* AppDelegate.swift in Sources */,
			);
			runOnlyForDeploymentPostprocessing = 0;
		};
/* End PBXSourcesBuildPhase section */

/* Begin PBXVariantGroup section */
		023657771F2A0B61002F0B11 /* Main.storyboard */ = {
			isa = PBXVariantGroup;
			children = (
				023657781F2A0B61002F0B11 /* Base */,
			);
			name = Main.storyboard;
			sourceTree = "<group>";
		};
		0236577C1F2A0B61002F0B11 /* LaunchScreen.storyboard */ = {
			isa = PBXVariantGroup;
			children = (
				0236577D1F2A0B61002F0B11 /* Base */,
			);
			name = LaunchScreen.storyboard;
			sourceTree = "<group>";
		};
/* End PBXVariantGroup section */

/* Begin XCBuildConfiguration section */
		023657801F2A0B61002F0B11 /* Debug */ = {
			isa = XCBuildConfiguration;
			buildSettings = {
				ALWAYS_SEARCH_USER_PATHS = NO;
				CLANG_ANALYZER_NONNULL = YES;
				CLANG_ANALYZER_NUMBER_OBJECT_CONVERSION = YES_AGGRESSIVE;
				CLANG_CXX_LANGUAGE_STANDARD = "gnu++0x";
				CLANG_CXX_LIBRARY = "libc++";
				CLANG_ENABLE_MODULES = YES;
				CLANG_ENABLE_OBJC_ARC = YES;
				CLANG_WARN_BOOL_CONVERSION = YES;
				CLANG_WARN_CONSTANT_CONVERSION = YES;
				CLANG_WARN_DIRECT_OBJC_ISA_USAGE = YES_ERROR;
				CLANG_WARN_DOCUMENTATION_COMMENTS = YES;
				CLANG_WARN_EMPTY_BODY = YES;
				CLANG_WARN_ENUM_CONVERSION = YES;
				CLANG_WARN_INFINITE_RECURSION = YES;
				CLANG_WARN_INT_CONVERSION = YES;
				CLANG_WARN_OBJC_ROOT_CLASS = YES_ERROR;
				CLANG_WARN_SUSPICIOUS_MOVE = YES;
				CLANG_WARN_UNREACHABLE_CODE = YES;
				CLANG_WARN__DUPLICATE_METHOD_MATCH = YES;
				"CODE_SIGN_IDENTITY[sdk=iphoneos*]" = "iPhone Developer";
				COPY_PHASE_STRIP = NO;
				DEBUG_INFORMATION_FORMAT = dwarf;
				ENABLE_STRICT_OBJC_MSGSEND = YES;
				ENABLE_TESTABILITY = YES;
				GCC_C_LANGUAGE_STANDARD = gnu99;
				GCC_DYNAMIC_NO_PIC = NO;
				GCC_NO_COMMON_BLOCKS = YES;
				GCC_OPTIMIZATION_LEVEL = 0;
				GCC_PREPROCESSOR_DEFINITIONS = (
					"DEBUG=1",
					"$(inherited)",
				);
				GCC_WARN_64_TO_32_BIT_CONVERSION = YES;
				GCC_WARN_ABOUT_RETURN_TYPE = YES_ERROR;
				GCC_WARN_UNDECLARED_SELECTOR = YES;
				GCC_WARN_UNINITIALIZED_AUTOS = YES_AGGRESSIVE;
				GCC_WARN_UNUSED_FUNCTION = YES;
				GCC_WARN_UNUSED_VARIABLE = YES;
				IPHONEOS_DEPLOYMENT_TARGET = 10.3;
				MTL_ENABLE_DEBUG_INFO = YES;
				ONLY_ACTIVE_ARCH = YES;
				SDKROOT = iphoneos;
				SWIFT_ACTIVE_COMPILATION_CONDITIONS = DEBUG;
				SWIFT_OPTIMIZATION_LEVEL = "-Onone";
			};
			name = Debug;
		};
		023657811F2A0B61002F0B11 /* Release */ = {
			isa = XCBuildConfiguration;
			buildSettings = {
				ALWAYS_SEARCH_USER_PATHS = NO;
				CLANG_ANALYZER_NONNULL = YES;
				CLANG_ANALYZER_NUMBER_OBJECT_CONVERSION = YES_AGGRESSIVE;
				CLANG_CXX_LANGUAGE_STANDARD = "gnu++0x";
				CLANG_CXX_LIBRARY = "libc++";
				CLANG_ENABLE_MODULES = YES;
				CLANG_ENABLE_OBJC_ARC = YES;
				CLANG_WARN_BOOL_CONVERSION = YES;
				CLANG_WARN_CONSTANT_CONVERSION = YES;
				CLANG_WARN_DIRECT_OBJC_ISA_USAGE = YES_ERROR;
				CLANG_WARN_DOCUMENTATION_COMMENTS = YES;
				CLANG_WARN_EMPTY_BODY = YES;
				CLANG_WARN_ENUM_CONVERSION = YES;
				CLANG_WARN_INFINITE_RECURSION = YES;
				CLANG_WARN_INT_CONVERSION = YES;
				CLANG_WARN_OBJC_ROOT_CLASS = YES_ERROR;
				CLANG_WARN_SUSPICIOUS_MOVE = YES;
				CLANG_WARN_UNREACHABLE_CODE = YES;
				CLANG_WARN__DUPLICATE_METHOD_MATCH = YES;
				"CODE_SIGN_IDENTITY[sdk=iphoneos*]" = "iPhone Developer";
				COPY_PHASE_STRIP = NO;
				DEBUG_INFORMATION_FORMAT = "dwarf-with-dsym";
				ENABLE_NS_ASSERTIONS = NO;
				ENABLE_STRICT_OBJC_MSGSEND = YES;
				GCC_C_LANGUAGE_STANDARD = gnu99;
				GCC_NO_COMMON_BLOCKS = YES;
				GCC_WARN_64_TO_32_BIT_CONVERSION = YES;
				GCC_WARN_ABOUT_RETURN_TYPE = YES_ERROR;
				GCC_WARN_UNDECLARED_SELECTOR = YES;
				GCC_WARN_UNINITIALIZED_AUTOS = YES_AGGRESSIVE;
				GCC_WARN_UNUSED_FUNCTION = YES;
				GCC_WARN_UNUSED_VARIABLE = YES;
				IPHONEOS_DEPLOYMENT_TARGET = 10.3;
				MTL_ENABLE_DEBUG_INFO = NO;
				SDKROOT = iphoneos;
				SWIFT_OPTIMIZATION_LEVEL = "-Owholemodule";
				VALIDATE_PRODUCT = YES;
			};
			name = Release;
		};
		023657831F2A0B61002F0B11 /* Debug */ = {
			isa = XCBuildConfiguration;
			baseConfigurationReference = 56AD3F58056C04E55856DFAA /* Pods-howladmob.debug.xcconfig */;
			buildSettings = {
				ASSETCATALOG_COMPILER_APPICON_NAME = AppIcon;
				INFOPLIST_FILE = howladmob/Info.plist;
				LD_RUNPATH_SEARCH_PATHS = "$(inherited) @executable_path/Frameworks";
				PRODUCT_BUNDLE_IDENTIFIER = com.swift.howladmob;
				PRODUCT_NAME = "$(TARGET_NAME)";
				SWIFT_VERSION = 3.0;
			};
			name = Debug;
		};
		023657841F2A0B61002F0B11 /* Release */ = {
			isa = XCBuildConfiguration;
			baseConfigurationReference = BD32F121488FD5C2BD462E88 /* Pods-howladmob.release.xcconfig */;
			buildSettings = {
				ASSETCATALOG_COMPILER_APPICON_NAME = AppIcon;
				INFOPLIST_FILE = howladmob/Info.plist;
				LD_RUNPATH_SEARCH_PATHS = "$(inherited) @executable_path/Frameworks";
				PRODUCT_BUNDLE_IDENTIFIER = com.swift.howladmob;
				PRODUCT_NAME = "$(TARGET_NAME)";
				SWIFT_VERSION = 3.0;
			};
			name = Release;
		};
/* End XCBuildConfiguration section */

/* Begin XCConfigurationList section */
		0236576B1F2A0B61002F0B11 /* Build configuration list for PBXProject "howladmob" */ = {
			isa = XCConfigurationList;
			buildConfigurations = (
				023657801F2A0B61002F0B11 /* Debug */,
				023657811F2A0B61002F0B11 /* Release */,
			);
			defaultConfigurationIsVisible = 0;
			defaultConfigurationName = Release;
		};
		023657821F2A0B61002F0B11 /* Build configuration list for PBXNativeTarget "howladmob" */ = {
			isa = XCConfigurationList;
			buildConfigurations = (
				023657831F2A0B61002F0B11 /* Debug */,
				023657841F2A0B61002F0B11 /* Release */,
			);
			defaultConfigurationIsVisible = 0;
			defaultConfigurationName = Release;
		};
/* End XCConfigurationList section */
	};
	rootObject = 023657681F2A0B61002F0B11 /* Project object */;
}
